<?xml version="1.0" encoding="utf-8"?>
<Project ToolsVersion="4.0" xmlns="http://schemas.microsoft.com/developer/msbuild/2003">
  <ItemGroup>
    <Filter Include="_Suite">
      <UniqueIdentifier>{40a76071-eda0-455b-a482-b5a37ffd0b9a}</UniqueIdentifier>
    </Filter>
    <Filter Include="_Suite\Source Files">
      <UniqueIdentifier>{a38b8ef3-6882-4a35-850c-9380db4b7d8b}</UniqueIdentifier>
    </Filter>
    <Filter Include="_Suite\Header Files">
      <UniqueIdentifier>{ec6d5b4b-fcf5-4a4a-9e90-c1b548939c42}</UniqueIdentifier>
    </Filter>
    <Filter Include="_Driver">
      <UniqueIdentifier>{128755f3-1063-45aa-b4ad-6f796da5b60c}</UniqueIdentifier>
    </Filter>
    <Filter Include="_Driver\Source Files">
      <UniqueIdentifier>{52dde893-fa0a-4f27-8c92-e758a206d626}</UniqueIdentifier>
    </Filter>
    <Filter Include="Core">
      <UniqueIdentifier>{88af0b86-e7ec-47a7-8ac3-5ef1b2f24592}</UniqueIdentifier>
    </Filter>
    <Filter Include="Core\Header Files">
      <UniqueIdentifier>{02d77126-6c0f-4380-8bb5-325e198c0765}</UniqueIdentifier>
    </Filter>
    <Filter Include="Core\Source Files">
      <UniqueIdentifier>{62b5b124-20e5-4808-ae0f-604ce7aec1d1}</UniqueIdentifier>
    </Filter>
  </ItemGroup>
  <ItemGroup>
    <ClCompile Include="Test\Driver.cpp">
      <Filter>_Driver\Source Files</Filter>
    </ClCompile>
    <ClCompile Include="Test\BaseFrameTestSuite.cpp">
      <Filter>_Suite\Source Files</Filter>
    </ClCompile>
    <ClCompile Include="Test\CoreTestSuite.cpp">
      <Filter>Core\Source Files</Filter>
    </ClCompile>
    <ClCompile Include="Test\CoreTest.cpp">
      <Filter>Core\Source Files</Filter>
    </ClCompile>
    <ClCompile Include="Test\StringTest.cpp">
      <Filter>Core\Source Files</Filter>
    </ClCompile>
  </ItemGroup>
  <ItemGroup>
    <ClInclude Include="Test\BaseFrameTestSuite.h">
      <Filter>_Suite\Header Files</Filter>
    </ClInclude>
    <ClInclude Include="Test\CoreTestSuite.h">
      <Filter>Core\Header Files</Filter>
    </ClInclude>
    <ClInclude Include="Test\CoreTest.h">
      <Filter>Core\Header Files</Filter>
    </ClInclude>
    <ClInclude Include="Test\StringTest.h">
      <Filter>Core\Header Files</Filter>
    </ClInclude>
  </ItemGroup>
</Project>